
Microsoft Visual Studio Solution File, Format Version 12.00
# Visual Studio Version 16
VisualStudioVersion = 16.0.31205.134
MinimumVisualStudioVersion = 10.0.40219.1
Project("{9A19103F-16F7-4668-BE54-9A1E7A4F7556}") = "WebApp_CEP", "WebApp_CEP.csproj", "{7FFA2049-5B36-44C0-A7B6-0B5928ABC5CF}"
EndProject
Project("{9A19103F-16F7-4668-BE54-9A1E7A4F7556}") = "TratamentoDados", "..\TratamentoDados\TratamentoDados.csproj", "{180BE0EC-A3B2-4D9F-BB57-532A4A9BD3A2}"
EndProject
Project("{FAE04EC0-301F-11D3-BF4B-00C04F79EFBC}") = "Model", "..\Model\Model.csproj", "{3D79D8D9-8A2C-4C55-83DD-4CFB8E816C9F}"
EndProject
Global
	GlobalSection(SolutionConfigurationPlatforms) = preSolution
		Debug|Any CPU = Debug|Any CPU
		Release|Any CPU = Release|Any CPU
	EndGlobalSection
	GlobalSection(ProjectConfigurationPlatforms) = postSolution
		{7FFA2049-5B36-44C0-A7B6-0B5928ABC5CF}.Debug|Any CPU.ActiveCfg = Debug|Any CPU
		{7FFA2049-5B36-44C0-A7B6-0B5928ABC5CF}.Debug|Any CPU.Build.0 = Debug|Any CPU
		{7FFA2049-5B36-44C0-A7B6-0B5928ABC5CF}.Release|Any CPU.ActiveCfg = Release|Any CPU
		{7FFA2049-5B36-44C0-A7B6-0B5928ABC5CF}.Release|Any CPU.Build.0 = Release|Any CPU
		{180BE0EC-A3B2-4D9F-BB57-532A4A9BD3A2}.Debug|Any CPU.ActiveCfg = Debug|Any CPU
		{180BE0EC-A3B2-4D9F-BB57-532A4A9BD3A2}.Debug|Any CPU.Build.0 = Debug|Any CPU
		{180BE0EC-A3B2-4D9F-BB57-532A4A9BD3A2}.Release|Any CPU.ActiveCfg = Release|Any CPU
		{180BE0EC-A3B2-4D9F-BB57-532A4A9BD3A2}.Release|Any CPU.Build.0 = Release|Any CPU
		{3D79D8D9-8A2C-4C55-83DD-4CFB8E816C9F}.Debug|Any CPU.ActiveCfg = Debug|Any CPU
		{3D79D8D9-8A2C-4C55-83DD-4CFB8E816C9F}.Debug|Any CPU.Build.0 = Debug|Any CPU
		{3D79D8D9-8A2C-4C55-83DD-4CFB8E816C9F}.Release|Any CPU.ActiveCfg = Release|Any CPU
		{3D79D8D9-8A2C-4C55-83DD-4CFB8E816C9F}.Release|Any CPU.Build.0 = Release|Any CPU
	EndGlobalSection
	GlobalSection(SolutionProperties) = preSolution
		HideSolutionNode = FALSE
	EndGlobalSection
	GlobalSection(ExtensibilityGlobals) = postSolution
		SolutionGuid = {EB30FD7C-594F-44B4-A04C-74BEDC819685}
	EndGlobalSection
EndGlobal
